// !$*UTF8*$!
{
	archiveVersion = 1;
	classes = {
	};
	objectVersion = 56;
	objects = {

/* Begin PBXBuildFile section */
		B037BA7C2B4FEBFB001CD20E /* Thread_cloneApp.swift in Sources */ = {isa = PBXBuildFile; fileRef = B037BA7B2B4FEBFB001CD20E /* Thread_cloneApp.swift */; };
		B037BA7E2B4FEBFB001CD20E /* ContentView.swift in Sources */ = {isa = PBXBuildFile; fileRef = B037BA7D2B4FEBFB001CD20E /* ContentView.swift */; };
		B037BA802B4FEBFC001CD20E /* Assets.xcassets in Resources */ = {isa = PBXBuildFile; fileRef = B037BA7F2B4FEBFC001CD20E /* Assets.xcassets */; };
		B037BA832B4FEBFC001CD20E /* Preview Assets.xcassets in Resources */ = {isa = PBXBuildFile; fileRef = B037BA822B4FEBFC001CD20E /* Preview Assets.xcassets */; };
		B037BA942B4FED90001CD20E /* LoginView.swift in Sources */ = {isa = PBXBuildFile; fileRef = B037BA932B4FED90001CD20E /* LoginView.swift */; };
		B037BA962B4FF685001CD20E /* RegistrationView.swift in Sources */ = {isa = PBXBuildFile; fileRef = B037BA952B4FF685001CD20E /* RegistrationView.swift */; };
		B037BA992B4FF9AB001CD20E /* ThreadsTextFieldModifire.swift in Sources */ = {isa = PBXBuildFile; fileRef = B037BA982B4FF9AB001CD20E /* ThreadsTextFieldModifire.swift */; };
		B050A3782B501859000071C5 /* ThreadsTabView.swift in Sources */ = {isa = PBXBuildFile; fileRef = B050A3772B501859000071C5 /* ThreadsTabView.swift */; };
/* End PBXBuildFile section */

/* Begin PBXFileReference section */
		B037BA782B4FEBFB001CD20E /* Thread clone.app */ = {isa = PBXFileReference; explicitFileType = wrapper.application; includeInIndex = 0; path = "Thread clone.app"; sourceTree = BUILT_PRODUCTS_DIR; };
		B037BA7B2B4FEBFB001CD20E /* Thread_cloneApp.swift */ = {isa = PBXFileReference; lastKnownFileType = sourcecode.swift; path = Thread_cloneApp.swift; sourceTree = "<group>"; };
		B037BA7D2B4FEBFB001CD20E /* ContentView.swift */ = {isa = PBXFileReference; lastKnownFileType = sourcecode.swift; path = ContentView.swift; sourceTree = "<group>"; };
		B037BA7F2B4FEBFC001CD20E /* Assets.xcassets */ = {isa = PBXFileReference; lastKnownFileType = folder.assetcatalog; path = Assets.xcassets; sourceTree = "<group>"; };
		B037BA822B4FEBFC001CD20E /* Preview Assets.xcassets */ = {isa = PBXFileReference; lastKnownFileType = folder.assetcatalog; path = "Preview Assets.xcassets"; sourceTree = "<group>"; };
		B037BA932B4FED90001CD20E /* LoginView.swift */ = {isa = PBXFileReference; lastKnownFileType = sourcecode.swift; path = LoginView.swift; sourceTree = "<group>"; };
		B037BA952B4FF685001CD20E /* RegistrationView.swift */ = {isa = PBXFileReference; lastKnownFileType = sourcecode.swift; path = RegistrationView.swift; sourceTree = "<group>"; };
		B037BA982B4FF9AB001CD20E /* ThreadsTextFieldModifire.swift */ = {isa = PBXFileReference; lastKnownFileType = sourcecode.swift; path = ThreadsTextFieldModifire.swift; sourceTree = "<group>"; };
		B050A3772B501859000071C5 /* ThreadsTabView.swift */ = {isa = PBXFileReference; lastKnownFileType = sourcecode.swift; path = ThreadsTabView.swift; sourceTree = "<group>"; };
/* End PBXFileReference section */

/* Begin PBXFrameworksBuildPhase section */
		B037BA752B4FEBFB001CD20E /* Frameworks */ = {
			isa = PBXFrameworksBuildPhase;
			buildActionMask = 2147483647;
			files = (
			);
			runOnlyForDeploymentPostprocessing = 0;
		};
/* End PBXFrameworksBuildPhase section */

/* Begin PBXGroup section */
		B037BA6F2B4FEBFB001CD20E = {
			isa = PBXGroup;
			children = (
				B037BA7A2B4FEBFB001CD20E /* Thread clone */,
				B037BA792B4FEBFB001CD20E /* Products */,
			);
			sourceTree = "<group>";
		};
		B037BA792B4FEBFB001CD20E /* Products */ = {
			isa = PBXGroup;
			children = (
				B037BA782B4FEBFB001CD20E /* Thread clone.app */,
			);
			name = Products;
			sourceTree = "<group>";
		};
		B037BA7A2B4FEBFB001CD20E /* Thread clone */ = {
			isa = PBXGroup;
			children = (
				B037BA8F2B4FECAA001CD20E /* App */,
				B037BA8E2B4FECA8001CD20E /* Core */,
				B037BA8D2B4FECA7001CD20E /* Extansials */,
				B037BA8C2B4FECA5001CD20E /* Model */,
				B037BA8A2B4FEC9D001CD20E /* Services */,
				B037BA892B4FEC92001CD20E /* Utilits */,
				B037BA7F2B4FEBFC001CD20E /* Assets.xcassets */,
				B037BA812B4FEBFC001CD20E /* Preview Content */,
			);
			path = "Thread clone";
			sourceTree = "<group>";
		};
		B037BA812B4FEBFC001CD20E /* Preview Content */ = {
			isa = PBXGroup;
			children = (
				B037BA822B4FEBFC001CD20E /* Preview Assets.xcassets */,
			);
			path = "Preview Content";
			sourceTree = "<group>";
		};
		B037BA892B4FEC92001CD20E /* Utilits */ = {
			isa = PBXGroup;
			children = (
				B037BA972B4FF97D001CD20E /* ViewModefires */,
			);
			path = Utilits;
			sourceTree = "<group>";
		};
		B037BA8A2B4FEC9D001CD20E /* Services */ = {
			isa = PBXGroup;
			children = (
			);
			path = Services;
			sourceTree = "<group>";
		};
		B037BA8C2B4FECA5001CD20E /* Model */ = {
			isa = PBXGroup;
			children = (
			);
			path = Model;
			sourceTree = "<group>";
		};
		B037BA8D2B4FECA7001CD20E /* Extansials */ = {
			isa = PBXGroup;
			children = (
			);
			path = Extansials;
			sourceTree = "<group>";
		};
		B037BA8E2B4FECA8001CD20E /* Core */ = {
			isa = PBXGroup;
			children = (
				B050A3762B50181A000071C5 /* ToolBar */,
				B037BA912B4FED31001CD20E /* Auntifaction */,
				B037BA902B4FED2F001CD20E /* Root */,
			);
			path = Core;
			sourceTree = "<group>";
		};
		B037BA8F2B4FECAA001CD20E /* App */ = {
			isa = PBXGroup;
			children = (
				B037BA7B2B4FEBFB001CD20E /* Thread_cloneApp.swift */,
			);
			path = App;
			sourceTree = "<group>";
		};
		B037BA902B4FED2F001CD20E /* Root */ = {
			isa = PBXGroup;
			children = (
				B037BA7D2B4FEBFB001CD20E /* ContentView.swift */,
			);
			path = Root;
			sourceTree = "<group>";
		};
		B037BA912B4FED31001CD20E /* Auntifaction */ = {
			isa = PBXGroup;
			children = (
				B037BA922B4FED5B001CD20E /* Views */,
			);
			path = Auntifaction;
			sourceTree = "<group>";
		};
		B037BA922B4FED5B001CD20E /* Views */ = {
			isa = PBXGroup;
			children = (
				B037BA932B4FED90001CD20E /* LoginView.swift */,
				B037BA952B4FF685001CD20E /* RegistrationView.swift */,
			);
			path = Views;
			sourceTree = "<group>";
		};
		B037BA972B4FF97D001CD20E /* ViewModefires */ = {
			isa = PBXGroup;
			children = (
				B037BA982B4FF9AB001CD20E /* ThreadsTextFieldModifire.swift */,
			);
			path = ViewModefires;
			sourceTree = "<group>";
		};
		B050A3762B50181A000071C5 /* ToolBar */ = {
			isa = PBXGroup;
			children = (
				B050A3772B501859000071C5 /* ThreadsTabView.swift */,
			);
			path = ToolBar;
			sourceTree = "<group>";
		};
/* End PBXGroup section */

/* Begin PBXNativeTarget section */
		B037BA772B4FEBFB001CD20E /* Thread clone */ = {
			isa = PBXNativeTarget;
			buildConfigurationList = B037BA862B4FEBFC001CD20E /* Build configuration list for PBXNativeTarget "Thread clone" */;
			buildPhases = (
				B037BA742B4FEBFB001CD20E /* Sources */,
				B037BA752B4FEBFB001CD20E /* Frameworks */,
				B037BA762B4FEBFB001CD20E /* Resources */,
			);
			buildRules = (
			);
			dependencies = (
			);
			name = "Thread clone";
			productName = "Thread clone";
			productReference = B037BA782B4FEBFB001CD20E /* Thread clone.app */;
			productType = "com.apple.product-type.application";
		};
/* End PBXNativeTarget section */

/* Begin PBXProject section */
		B037BA702B4FEBFB001CD20E /* Project object */ = {
			isa = PBXProject;
			attributes = {
				BuildIndependentTargetsInParallel = 1;
				LastSwiftUpdateCheck = 1500;
				LastUpgradeCheck = 1500;
				TargetAttributes = {
					B037BA772B4FEBFB001CD20E = {
						CreatedOnToolsVersion = 15.0.1;
					};
				};
			};
			buildConfigurationList = B037BA732B4FEBFB001CD20E /* Build configuration list for PBXProject "Thread clone" */;
			compatibilityVersion = "Xcode 14.0";
			developmentRegion = en;
			hasScannedForEncodings = 0;
			knownRegions = (
				en,
				Base,
			);
			mainGroup = B037BA6F2B4FEBFB001CD20E;
			productRefGroup = B037BA792B4FEBFB001CD20E /* Products */;
			projectDirPath = "";
			projectRoot = "";
			targets = (
				B037BA772B4FEBFB001CD20E /* Thread clone */,
			);
		};
/* End PBXProject section */

/* Begin PBXResourcesBuildPhase section */
		B037BA762B4FEBFB001CD20E /* Resources */ = {
			isa = PBXResourcesBuildPhase;
			buildActionMask = 2147483647;
			files = (
				B037BA832B4FEBFC001CD20E /* Preview Assets.xcassets in Resources */,
				B037BA802B4FEBFC001CD20E /* Assets.xcassets in Resources */,
			);
			runOnlyForDeploymentPostprocessing = 0;
		};
/* End PBXResourcesBuildPhase section */

/* Begin PBXSourcesBuildPhase section */
		B037BA742B4FEBFB001CD20E /* Sources */ = {
			isa = PBXSourcesBuildPhase;
			buildActionMask = 2147483647;
			files = (
				B037BA942B4FED90001CD20E /* LoginView.swift in Sources */,
				B037BA992B4FF9AB001CD20E /* ThreadsTextFieldModifire.swift in Sources */,
				B050A3782B501859000071C5 /* ThreadsTabView.swift in Sources */,
				B037BA7E2B4FEBFB001CD20E /* ContentView.swift in Sources */,
				B037BA7C2B4FEBFB001CD20E /* Thread_cloneApp.swift in Sources */,
				B037BA962B4FF685001CD20E /* RegistrationView.swift in Sources */,
			);
			runOnlyForDeploymentPostprocessing = 0;
		};
/* End PBXSourcesBuildPhase section */

/* Begin XCBuildConfiguration section */
		B037BA842B4FEBFC001CD20E /* Debug */ = {
			isa = XCBuildConfiguration;
			buildSettings = {
				ALWAYS_SEARCH_USER_PATHS = NO;
				ASSETCATALOG_COMPILER_GENERATE_SWIFT_ASSET_SYMBOL_EXTENSIONS = YES;
				CLANG_ANALYZER_NONNULL = YES;
				CLANG_ANALYZER_NUMBER_OBJECT_CONVERSION = YES_AGGRESSIVE;
				CLANG_CXX_LANGUAGE_STANDARD = "gnu++20";
				CLANG_ENABLE_MODULES = YES;
				CLANG_ENABLE_OBJC_ARC = YES;
				CLANG_ENABLE_OBJC_WEAK = YES;
				CLANG_WARN_BLOCK_CAPTURE_AUTORELEASING = YES;
				CLANG_WARN_BOOL_CONVERSION = YES;
				CLANG_WARN_COMMA = YES;
				CLANG_WARN_CONSTANT_CONVERSION = YES;
				CLANG_WARN_DEPRECATED_OBJC_IMPLEMENTATIONS = YES;
				CLANG_WARN_DIRECT_OBJC_ISA_USAGE = YES_ERROR;
				CLANG_WARN_DOCUMENTATION_COMMENTS = YES;
				CLANG_WARN_EMPTY_BODY = YES;
				CLANG_WARN_ENUM_CONVERSION = YES;
				CLANG_WARN_INFINITE_RECURSION = YES;
				CLANG_WARN_INT_CONVERSION = YES;
				CLANG_WARN_NON_LITERAL_NULL_CONVERSION = YES;
				CLANG_WARN_OBJC_IMPLICIT_RETAIN_SELF = YES;
				CLANG_WARN_OBJC_LITERAL_CONVERSION = YES;
				CLANG_WARN_OBJC_ROOT_CLASS = YES_ERROR;
				CLANG_WARN_QUOTED_INCLUDE_IN_FRAMEWORK_HEADER = YES;
				CLANG_WARN_RANGE_LOOP_ANALYSIS = YES;
				CLANG_WARN_STRICT_PROTOTYPES = YES;
				CLANG_WARN_SUSPICIOUS_MOVE = YES;
				CLANG_WARN_UNGUARDED_AVAILABILITY = YES_AGGRESSIVE;
				CLANG_WARN_UNREACHABLE_CODE = YES;
				CLANG_WARN__DUPLICATE_METHOD_MATCH = YES;
				COPY_PHASE_STRIP = NO;
				DEBUG_INFORMATION_FORMAT = dwarf;
				ENABLE_STRICT_OBJC_MSGSEND = YES;
				ENABLE_TESTABILITY = YES;
				ENABLE_USER_SCRIPT_SANDBOXING = YES;
				GCC_C_LANGUAGE_STANDARD = gnu17;
				GCC_DYNAMIC_NO_PIC = NO;
				GCC_NO_COMMON_BLOCKS = YES;
				GCC_OPTIMIZATION_LEVEL = 0;
				GCC_PREPROCESSOR_DEFINITIONS = (
					"DEBUG=1",
					"$(inherited)",
				);
				GCC_WARN_64_TO_32_BIT_CONVERSION = YES;
				GCC_WARN_ABOUT_RETURN_TYPE = YES_ERROR;
				GCC_WARN_UNDECLARED_SELECTOR = YES;
				GCC_WARN_UNINITIALIZED_AUTOS = YES_AGGRESSIVE;
				GCC_WARN_UNUSED_FUNCTION = YES;
				GCC_WARN_UNUSED_VARIABLE = YES;
				IPHONEOS_DEPLOYMENT_TARGET = 17.0;
				LOCALIZATION_PREFERS_STRING_CATALOGS = YES;
				MTL_ENABLE_DEBUG_INFO = INCLUDE_SOURCE;
				MTL_FAST_MATH = YES;
				ONLY_ACTIVE_ARCH = YES;
				SDKROOT = iphoneos;
				SWIFT_ACTIVE_COMPILATION_CONDITIONS = "DEBUG $(inherited)";
				SWIFT_OPTIMIZATION_LEVEL = "-Onone";
			};
			name = Debug;
		};
		B037BA852B4FEBFC001CD20E /* Release */ = {
			isa = XCBuildConfiguration;
			buildSettings = {
				ALWAYS_SEARCH_USER_PATHS = NO;
				ASSETCATALOG_COMPILER_GENERATE_SWIFT_ASSET_SYMBOL_EXTENSIONS = YES;
				CLANG_ANALYZER_NONNULL = YES;
				CLANG_ANALYZER_NUMBER_OBJECT_CONVERSION = YES_AGGRESSIVE;
				CLANG_CXX_LANGUAGE_STANDARD = "gnu++20";
				CLANG_ENABLE_MODULES = YES;
				CLANG_ENABLE_OBJC_ARC = YES;
				CLANG_ENABLE_OBJC_WEAK = YES;
				CLANG_WARN_BLOCK_CAPTURE_AUTORELEASING = YES;
				CLANG_WARN_BOOL_CONVERSION = YES;
				CLANG_WARN_COMMA = YES;
				CLANG_WARN_CONSTANT_CONVERSION = YES;
				CLANG_WARN_DEPRECATED_OBJC_IMPLEMENTATIONS = YES;
				CLANG_WARN_DIRECT_OBJC_ISA_USAGE = YES_ERROR;
				CLANG_WARN_DOCUMENTATION_COMMENTS = YES;
				CLANG_WARN_EMPTY_BODY = YES;
				CLANG_WARN_ENUM_CONVERSION = YES;
				CLANG_WARN_INFINITE_RECURSION = YES;
				CLANG_WARN_INT_CONVERSION = YES;
				CLANG_WARN_NON_LITERAL_NULL_CONVERSION = YES;
				CLANG_WARN_OBJC_IMPLICIT_RETAIN_SELF = YES;
				CLANG_WARN_OBJC_LITERAL_CONVERSION = YES;
				CLANG_WARN_OBJC_ROOT_CLASS = YES_ERROR;
				CLANG_WARN_QUOTED_INCLUDE_IN_FRAMEWORK_HEADER = YES;
				CLANG_WARN_RANGE_LOOP_ANALYSIS = YES;
				CLANG_WARN_STRICT_PROTOTYPES = YES;
				CLANG_WARN_SUSPICIOUS_MOVE = YES;
				CLANG_WARN_UNGUARDED_AVAILABILITY = YES_AGGRESSIVE;
				CLANG_WARN_UNREACHABLE_CODE = YES;
				CLANG_WARN__DUPLICATE_METHOD_MATCH = YES;
				COPY_PHASE_STRIP = NO;
				DEBUG_INFORMATION_FORMAT = "dwarf-with-dsym";
				ENABLE_NS_ASSERTIONS = NO;
				ENABLE_STRICT_OBJC_MSGSEND = YES;
				ENABLE_USER_SCRIPT_SANDBOXING = YES;
				GCC_C_LANGUAGE_STANDARD = gnu17;
				GCC_NO_COMMON_BLOCKS = YES;
				GCC_WARN_64_TO_32_BIT_CONVERSION = YES;
				GCC_WARN_ABOUT_RETURN_TYPE = YES_ERROR;
				GCC_WARN_UNDECLARED_SELECTOR = YES;
				GCC_WARN_UNINITIALIZED_AUTOS = YES_AGGRESSIVE;
				GCC_WARN_UNUSED_FUNCTION = YES;
				GCC_WARN_UNUSED_VARIABLE = YES;
				IPHONEOS_DEPLOYMENT_TARGET = 17.0;
				LOCALIZATION_PREFERS_STRING_CATALOGS = YES;
				MTL_ENABLE_DEBUG_INFO = NO;
				MTL_FAST_MATH = YES;
				SDKROOT = iphoneos;
				SWIFT_COMPILATION_MODE = wholemodule;
				VALIDATE_PRODUCT = YES;
			};
			name = Release;
		};
		B037BA872B4FEBFC001CD20E /* Debug */ = {
			isa = XCBuildConfiguration;
			buildSettings = {
				ASSETCATALOG_COMPILER_APPICON_NAME = AppIcon;
				ASSETCATALOG_COMPILER_GLOBAL_ACCENT_COLOR_NAME = AccentColor;
				CODE_SIGN_STYLE = Automatic;
				CURRENT_PROJECT_VERSION = 1;
				DEVELOPMENT_ASSET_PATHS = "\"Thread clone/Preview Content\"";
				DEVELOPMENT_TEAM = 7F3H3ZFZRJ;
				ENABLE_PREVIEWS = YES;
				GENERATE_INFOPLIST_FILE = YES;
				INFOPLIST_KEY_UIApplicationSceneManifest_Generation = YES;
				INFOPLIST_KEY_UIApplicationSupportsIndirectInputEvents = YES;
				INFOPLIST_KEY_UILaunchScreen_Generation = YES;
				INFOPLIST_KEY_UISupportedInterfaceOrientations_iPad = "UIInterfaceOrientationPortrait UIInterfaceOrientationPortraitUpsideDown UIInterfaceOrientationLandscapeLeft UIInterfaceOrientationLandscapeRight";
				INFOPLIST_KEY_UISupportedInterfaceOrientations_iPhone = "UIInterfaceOrientationPortrait UIInterfaceOrientationLandscapeLeft UIInterfaceOrientationLandscapeRight";
				LD_RUNPATH_SEARCH_PATHS = (
					"$(inherited)",
					"@executable_path/Frameworks",
				);
				MARKETING_VERSION = 1.0;
				PRODUCT_BUNDLE_IDENTIFIER = "-.Thread-clone";
				PRODUCT_NAME = "$(TARGET_NAME)";
				SWIFT_EMIT_LOC_STRINGS = YES;
				SWIFT_VERSION = 5.0;
				TARGETED_DEVICE_FAMILY = "1,2";
			};
			name = Debug;
		};
		B037BA882B4FEBFC001CD20E /* Release */ = {
			isa = XCBuildConfiguration;
			buildSettings = {
				ASSETCATALOG_COMPILER_APPICON_NAME = AppIcon;
				ASSETCATALOG_COMPILER_GLOBAL_ACCENT_COLOR_NAME = AccentColor;
				CODE_SIGN_STYLE = Automatic;
				CURRENT_PROJECT_VERSION = 1;
				DEVELOPMENT_ASSET_PATHS = "\"Thread clone/Preview Content\"";
				DEVELOPMENT_TEAM = 7F3H3ZFZRJ;
				ENABLE_PREVIEWS = YES;
				GENERATE_INFOPLIST_FILE = YES;
				INFOPLIST_KEY_UIApplicationSceneManifest_Generation = YES;
				INFOPLIST_KEY_UIApplicationSupportsIndirectInputEvents = YES;
				INFOPLIST_KEY_UILaunchScreen_Generation = YES;
				INFOPLIST_KEY_UISupportedInterfaceOrientations_iPad = "UIInterfaceOrientationPortrait UIInterfaceOrientationPortraitUpsideDown UIInterfaceOrientationLandscapeLeft UIInterfaceOrientationLandscapeRight";
				INFOPLIST_KEY_UISupportedInterfaceOrientations_iPhone = "UIInterfaceOrientationPortrait UIInterfaceOrientationLandscapeLeft UIInterfaceOrientationLandscapeRight";
				LD_RUNPATH_SEARCH_PATHS = (
					"$(inherited)",
					"@executable_path/Frameworks",
				);
				MARKETING_VERSION = 1.0;
				PRODUCT_BUNDLE_IDENTIFIER = "-.Thread-clone";
				PRODUCT_NAME = "$(TARGET_NAME)";
				SWIFT_EMIT_LOC_STRINGS = YES;
				SWIFT_VERSION = 5.0;
				TARGETED_DEVICE_FAMILY = "1,2";
			};
			name = Release;
		};
/* End XCBuildConfiguration section */

/* Begin XCConfigurationList section */
		B037BA732B4FEBFB001CD20E /* Build configuration list for PBXProject "Thread clone" */ = {
			isa = XCConfigurationList;
			buildConfigurations = (
				B037BA842B4FEBFC001CD20E /* Debug */,
				B037BA852B4FEBFC001CD20E /* Release */,
			);
			defaultConfigurationIsVisible = 0;
			defaultConfigurationName = Release;
		};
		B037BA862B4FEBFC001CD20E /* Build configuration list for PBXNativeTarget "Thread clone" */ = {
			isa = XCConfigurationList;
			buildConfigurations = (
				B037BA872B4FEBFC001CD20E /* Debug */,
				B037BA882B4FEBFC001CD20E /* Release */,
			);
			defaultConfigurationIsVisible = 0;
			defaultConfigurationName = Release;
		};
/* End XCConfigurationList section */
	};
	rootObject = B037BA702B4FEBFB001CD20E /* Project object */;
}
